
Microsoft Visual Studio Solution File, Format Version 12.00
# Visual Studio Version 17
VisualStudioVersion = 17.14.36414.22 d17.14
MinimumVisualStudioVersion = 10.0.40219.1
Project("{FAE04EC0-301F-11D3-BF4B-00C04F79EFBC}") = "lab 2", "lab 2\lab 2.csproj", "{26760D7F-2D8E-41DB-AF51-7A69F1DD9825}"
EndProject
Global
	GlobalSection(SolutionConfigurationPlatforms) = preSolution
		Debug|Any CPU = Debug|Any CPU
		Release|Any CPU = Release|Any CPU
	EndGlobalSection
	GlobalSection(ProjectConfigurationPlatforms) = postSolution
		{26760D7F-2D8E-41DB-AF51-7A69F1DD9825}.Debug|Any CPU.ActiveCfg = Debug|Any CPU
		{26760D7F-2D8E-41DB-AF51-7A69F1DD9825}.Debug|Any CPU.Build.0 = Debug|Any CPU
		{26760D7F-2D8E-41DB-AF51-7A69F1DD9825}.Release|Any CPU.ActiveCfg = Release|Any CPU
		{26760D7F-2D8E-41DB-AF51-7A69F1DD9825}.Release|Any CPU.Build.0 = Release|Any CPU
	EndGlobalSection
	GlobalSection(SolutionProperties) = preSolution
		HideSolutionNode = FALSE
	EndGlobalSection
	GlobalSection(ExtensibilityGlobals) = postSolution
		SolutionGuid = {C56C7EB7-FA36-4F62-B5EF-E500BECCD2CF}
	EndGlobalSection
EndGlobal
